// !$*UTF8*$!
{
	archiveVersion = 1;
	classes = {
	};
	objectVersion = 46;
	objects = {

/* Begin PBXBuildFile section */
		B71C08071DA78C2600407D94 /* main.m in Sources */ = {isa = PBXBuildFile; fileRef = B71C08061DA78C2600407D94 /* main.m */; };
		B71C080A1DA78C2600407D94 /* AppDelegate.m in Sources */ = {isa = PBXBuildFile; fileRef = B71C08091DA78C2600407D94 /* AppDelegate.m */; };
		B71C080D1DA78C2600407D94 /* ViewController.m in Sources */ = {isa = PBXBuildFile; fileRef = B71C080C1DA78C2600407D94 /* ViewController.m */; };
		B71C08101DA78C2600407D94 /* Main.storyboard in Resources */ = {isa = PBXBuildFile; fileRef = B71C080E1DA78C2600407D94 /* Main.storyboard */; };
		B71C08121DA78C2600407D94 /* Assets.xcassets in Resources */ = {isa = PBXBuildFile; fileRef = B71C08111DA78C2600407D94 /* Assets.xcassets */; };
		B71C08151DA78C2600407D94 /* LaunchScreen.storyboard in Resources */ = {isa = PBXBuildFile; fileRef = B71C08131DA78C2600407D94 /* LaunchScreen.storyboard */; };
		B71C08201DA78C2600407D94 /* Location_WeatherTests.m in Sources */ = {isa = PBXBuildFile; fileRef = B71C081F1DA78C2600407D94 /* Location_WeatherTests.m */; };
		B71C082B1DA78C2700407D94 /* Location_WeatherUITests.m in Sources */ = {isa = PBXBuildFile; fileRef = B71C082A1DA78C2700407D94 /* Location_WeatherUITests.m */; };
/* End PBXBuildFile section */

/* Begin PBXContainerItemProxy section */
		B71C081C1DA78C2600407D94 /* PBXContainerItemProxy */ = {
			isa = PBXContainerItemProxy;
			containerPortal = B71C07FA1DA78C2600407D94 /* Project object */;
			proxyType = 1;
			remoteGlobalIDString = B71C08011DA78C2600407D94;
			remoteInfo = Location_Weather;
		};
		B71C08271DA78C2700407D94 /* PBXContainerItemProxy */ = {
			isa = PBXContainerItemProxy;
			containerPortal = B71C07FA1DA78C2600407D94 /* Project object */;
			proxyType = 1;
			remoteGlobalIDString = B71C08011DA78C2600407D94;
			remoteInfo = Location_Weather;
		};
/* End PBXContainerItemProxy section */

/* Begin PBXFileReference section */
		B71C08021DA78C2600407D94 /* Location_Weather.app */ = {isa = PBXFileReference; explicitFileType = wrapper.application; includeInIndex = 0; path = Location_Weather.app; sourceTree = BUILT_PRODUCTS_DIR; };
		B71C08061DA78C2600407D94 /* main.m */ = {isa = PBXFileReference; lastKnownFileType = sourcecode.c.objc; path = main.m; sourceTree = "<group>"; };
		B71C08081DA78C2600407D94 /* AppDelegate.h */ = {isa = PBXFileReference; lastKnownFileType = sourcecode.c.h; path = AppDelegate.h; sourceTree = "<group>"; };
		B71C08091DA78C2600407D94 /* AppDelegate.m */ = {isa = PBXFileReference; lastKnownFileType = sourcecode.c.objc; path = AppDelegate.m; sourceTree = "<group>"; };
		B71C080B1DA78C2600407D94 /* ViewController.h */ = {isa = PBXFileReference; lastKnownFileType = sourcecode.c.h; path = ViewController.h; sourceTree = "<group>"; };
		B71C080C1DA78C2600407D94 /* ViewController.m */ = {isa = PBXFileReference; lastKnownFileType = sourcecode.c.objc; path = ViewController.m; sourceTree = "<group>"; };
		B71C080F1DA78C2600407D94 /* Base */ = {isa = PBXFileReference; lastKnownFileType = file.storyboard; name = Base; path = Base.lproj/Main.storyboard; sourceTree = "<group>"; };
		B71C08111DA78C2600407D94 /* Assets.xcassets */ = {isa = PBXFileReference; lastKnownFileType = folder.assetcatalog; path = Assets.xcassets; sourceTree = "<group>"; };
		B71C08141DA78C2600407D94 /* Base */ = {isa = PBXFileReference; lastKnownFileType = file.storyboard; name = Base; path = Base.lproj/LaunchScreen.storyboard; sourceTree = "<group>"; };
		B71C08161DA78C2600407D94 /* Info.plist */ = {isa = PBXFileReference; lastKnownFileType = text.plist.xml; path = Info.plist; sourceTree = "<group>"; };
		B71C081B1DA78C2600407D94 /* Location_WeatherTests.xctest */ = {isa = PBXFileReference; explicitFileType = wrapper.cfbundle; includeInIndex = 0; path = Location_WeatherTests.xctest; sourceTree = BUILT_PRODUCTS_DIR; };
		B71C081F1DA78C2600407D94 /* Location_WeatherTests.m */ = {isa = PBXFileReference; lastKnownFileType = sourcecode.c.objc; path = Location_WeatherTests.m; sourceTree = "<group>"; };
		B71C08211DA78C2700407D94 /* Info.plist */ = {isa = PBXFileReference; lastKnownFileType = text.plist.xml; path = Info.plist; sourceTree = "<group>"; };
		B71C08261DA78C2700407D94 /* Location_WeatherUITests.xctest */ = {isa = PBXFileReference; explicitFileType = wrapper.cfbundle; includeInIndex = 0; path = Location_WeatherUITests.xctest; sourceTree = BUILT_PRODUCTS_DIR; };
		B71C082A1DA78C2700407D94 /* Location_WeatherUITests.m */ = {isa = PBXFileReference; lastKnownFileType = sourcecode.c.objc; path = Location_WeatherUITests.m; sourceTree = "<group>"; };
		B71C082C1DA78C2700407D94 /* Info.plist */ = {isa = PBXFileReference; lastKnownFileType = text.plist.xml; path = Info.plist; sourceTree = "<group>"; };
/* End PBXFileReference section */

/* Begin PBXFrameworksBuildPhase section */
		B71C07FF1DA78C2600407D94 /* Frameworks */ = {
			isa = PBXFrameworksBuildPhase;
			buildActionMask = 2147483647;
			files = (
			);
			runOnlyForDeploymentPostprocessing = 0;
		};
		B71C08181DA78C2600407D94 /* Frameworks */ = {
			isa = PBXFrameworksBuildPhase;
			buildActionMask = 2147483647;
			files = (
			);
			runOnlyForDeploymentPostprocessing = 0;
		};
		B71C08231DA78C2700407D94 /* Frameworks */ = {
			isa = PBXFrameworksBuildPhase;
			buildActionMask = 2147483647;
			files = (
			);
			runOnlyForDeploymentPostprocessing = 0;
		};
/* End PBXFrameworksBuildPhase section */

/* Begin PBXGroup section */
		B71C07F91DA78C2600407D94 = {
			isa = PBXGroup;
			children = (
				B71C08041DA78C2600407D94 /* Location_Weather */,
				B71C081E1DA78C2600407D94 /* Location_WeatherTests */,
				B71C08291DA78C2700407D94 /* Location_WeatherUITests */,
				B71C08031DA78C2600407D94 /* Products */,
			);
			sourceTree = "<group>";
		};
		B71C08031DA78C2600407D94 /* Products */ = {
			isa = PBXGroup;
			children = (
				B71C08021DA78C2600407D94 /* Location_Weather.app */,
				B71C081B1DA78C2600407D94 /* Location_WeatherTests.xctest */,
				B71C08261DA78C2700407D94 /* Location_WeatherUITests.xctest */,
			);
			name = Products;
			sourceTree = "<group>";
		};
		B71C08041DA78C2600407D94 /* Location_Weather */ = {
			isa = PBXGroup;
			children = (
				B71C08081DA78C2600407D94 /* AppDelegate.h */,
				B71C08091DA78C2600407D94 /* AppDelegate.m */,
				B71C080B1DA78C2600407D94 /* ViewController.h */,
				B71C080C1DA78C2600407D94 /* ViewController.m */,
				B71C080E1DA78C2600407D94 /* Main.storyboard */,
				B71C08111DA78C2600407D94 /* Assets.xcassets */,
				B71C08131DA78C2600407D94 /* LaunchScreen.storyboard */,
				B71C08161DA78C2600407D94 /* Info.plist */,
				B71C08051DA78C2600407D94 /* Supporting Files */,
			);
			path = Location_Weather;
			sourceTree = "<group>";
		};
		B71C08051DA78C2600407D94 /* Supporting Files */ = {
			isa = PBXGroup;
			children = (
				B71C08061DA78C2600407D94 /* main.m */,
			);
			name = "Supporting Files";
			sourceTree = "<group>";
		};
		B71C081E1DA78C2600407D94 /* Location_WeatherTests */ = {
			isa = PBXGroup;
			children = (
				B71C081F1DA78C2600407D94 /* Location_WeatherTests.m */,
				B71C08211DA78C2700407D94 /* Info.plist */,
			);
			path = Location_WeatherTests;
			sourceTree = "<group>";
		};
		B71C08291DA78C2700407D94 /* Location_WeatherUITests */ = {
			isa = PBXGroup;
			children = (
				B71C082A1DA78C2700407D94 /* Location_WeatherUITests.m */,
				B71C082C1DA78C2700407D94 /* Info.plist */,
			);
			path = Location_WeatherUITests;
			sourceTree = "<group>";
		};
/* End PBXGroup section */

/* Begin PBXNativeTarget section */
		B71C08011DA78C2600407D94 /* Location_Weather */ = {
			isa = PBXNativeTarget;
			buildConfigurationList = B71C082F1DA78C2700407D94 /* Build configuration list for PBXNativeTarget "Location_Weather" */;
			buildPhases = (
				B71C07FE1DA78C2600407D94 /* Sources */,
				B71C07FF1DA78C2600407D94 /* Frameworks */,
				B71C08001DA78C2600407D94 /* Resources */,
			);
			buildRules = (
			);
			dependencies = (
			);
			name = Location_Weather;
			productName = Location_Weather;
			productReference = B71C08021DA78C2600407D94 /* Location_Weather.app */;
			productType = "com.apple.product-type.application";
		};
		B71C081A1DA78C2600407D94 /* Location_WeatherTests */ = {
			isa = PBXNativeTarget;
			buildConfigurationList = B71C08321DA78C2700407D94 /* Build configuration list for PBXNativeTarget "Location_WeatherTests" */;
			buildPhases = (
				B71C08171DA78C2600407D94 /* Sources */,
				B71C08181DA78C2600407D94 /* Frameworks */,
				B71C08191DA78C2600407D94 /* Resources */,
			);
			buildRules = (
			);
			dependencies = (
				B71C081D1DA78C2600407D94 /* PBXTargetDependency */,
			);
			name = Location_WeatherTests;
			productName = Location_WeatherTests;
			productReference = B71C081B1DA78C2600407D94 /* Location_WeatherTests.xctest */;
			productType = "com.apple.product-type.bundle.unit-test";
		};
		B71C08251DA78C2700407D94 /* Location_WeatherUITests */ = {
			isa = PBXNativeTarget;
			buildConfigurationList = B71C08351DA78C2700407D94 /* Build configuration list for PBXNativeTarget "Location_WeatherUITests" */;
			buildPhases = (
				B71C08221DA78C2700407D94 /* Sources */,
				B71C08231DA78C2700407D94 /* Frameworks */,
				B71C08241DA78C2700407D94 /* Resources */,
			);
			buildRules = (
			);
			dependencies = (
				B71C08281DA78C2700407D94 /* PBXTargetDependency */,
			);
			name = Location_WeatherUITests;
			productName = Location_WeatherUITests;
			productReference = B71C08261DA78C2700407D94 /* Location_WeatherUITests.xctest */;
			productType = "com.apple.product-type.bundle.ui-testing";
		};
/* End PBXNativeTarget section */

/* Begin PBXProject section */
		B71C07FA1DA78C2600407D94 /* Project object */ = {
			isa = PBXProject;
			attributes = {
				LastUpgradeCheck = 0800;
				ORGANIZATIONNAME = "温子萱";
				TargetAttributes = {
					B71C08011DA78C2600407D94 = {
						CreatedOnToolsVersion = 8.0;
						DevelopmentTeam = 8987GZC353;
						ProvisioningStyle = Automatic;
					};
					B71C081A1DA78C2600407D94 = {
						CreatedOnToolsVersion = 8.0;
						DevelopmentTeam = 8987GZC353;
						ProvisioningStyle = Automatic;
						TestTargetID = B71C08011DA78C2600407D94;
					};
					B71C08251DA78C2700407D94 = {
						CreatedOnToolsVersion = 8.0;
						DevelopmentTeam = 8987GZC353;
						ProvisioningStyle = Automatic;
						TestTargetID = B71C08011DA78C2600407D94;
					};
				};
			};
			buildConfigurationList = B71C07FD1DA78C2600407D94 /* Build configuration list for PBXProject "Location_Weather" */;
			compatibilityVersion = "Xcode 3.2";
			developmentRegion = English;
			hasScannedForEncodings = 0;
			knownRegions = (
				en,
				Base,
			);
			mainGroup = B71C07F91DA78C2600407D94;
			productRefGroup = B71C08031DA78C2600407D94 /* Products */;
			projectDirPath = "";
			projectRoot = "";
			targets = (
				B71C08011DA78C2600407D94 /* Location_Weather */,
				B71C081A1DA78C2600407D94 /* Location_WeatherTests */,
				B71C08251DA78C2700407D94 /* Location_WeatherUITests */,
			);
		};
/* End PBXProject section */

/* Begin PBXResourcesBuildPhase section */
		B71C08001DA78C2600407D94 /* Resources */ = {
			isa = PBXResourcesBuildPhase;
			buildActionMask = 2147483647;
			files = (
				B71C08151DA78C2600407D94 /* LaunchScreen.storyboard in Resources */,
				B71C08121DA78C2600407D94 /* Assets.xcassets in Resources */,
				B71C08101DA78C2600407D94 /* Main.storyboard in Resources */,
			);
			runOnlyForDeploymentPostprocessing = 0;
		};
		B71C08191DA78C2600407D94 /* Resources */ = {
			isa = PBXResourcesBuildPhase;
			buildActionMask = 2147483647;
			files = (
			);
			runOnlyForDeploymentPostprocessing = 0;
		};
		B71C08241DA78C2700407D94 /* Resources */ = {
			isa = PBXResourcesBuildPhase;
			buildActionMask = 2147483647;
			files = (
			);
			runOnlyForDeploymentPostprocessing = 0;
		};
/* End PBXResourcesBuildPhase section */

/* Begin PBXSourcesBuildPhase section */
		B71C07FE1DA78C2600407D94 /* Sources */ = {
			isa = PBXSourcesBuildPhase;
			buildActionMask = 2147483647;
			files = (
				B71C080D1DA78C2600407D94 /* ViewController.m in Sources */,
				B71C080A1DA78C2600407D94 /* AppDelegate.m in Sources */,
				B71C08071DA78C2600407D94 /* main.m in Sources */,
			);
			runOnlyForDeploymentPostprocessing = 0;
		};
		B71C08171DA78C2600407D94 /* Sources */ = {
			isa = PBXSourcesBuildPhase;
			buildActionMask = 2147483647;
			files = (
				B71C08201DA78C2600407D94 /* Location_WeatherTests.m in Sources */,
			);
			runOnlyForDeploymentPostprocessing = 0;
		};
		B71C08221DA78C2700407D94 /* Sources */ = {
			isa = PBXSourcesBuildPhase;
			buildActionMask = 2147483647;
			files = (
				B71C082B1DA78C2700407D94 /* Location_WeatherUITests.m in Sources */,
			);
			runOnlyForDeploymentPostprocessing = 0;
		};
/* End PBXSourcesBuildPhase section */

/* Begin PBXTargetDependency section */
		B71C081D1DA78C2600407D94 /* PBXTargetDependency */ = {
			isa = PBXTargetDependency;
			target = B71C08011DA78C2600407D94 /* Location_Weather */;
			targetProxy = B71C081C1DA78C2600407D94 /* PBXContainerItemProxy */;
		};
		B71C08281DA78C2700407D94 /* PBXTargetDependency */ = {
			isa = PBXTargetDependency;
			target = B71C08011DA78C2600407D94 /* Location_Weather */;
			targetProxy = B71C08271DA78C2700407D94 /* PBXContainerItemProxy */;
		};
/* End PBXTargetDependency section */

/* Begin PBXVariantGroup section */
		B71C080E1DA78C2600407D94 /* Main.storyboard */ = {
			isa = PBXVariantGroup;
			children = (
				B71C080F1DA78C2600407D94 /* Base */,
			);
			name = Main.storyboard;
			sourceTree = "<group>";
		};
		B71C08131DA78C2600407D94 /* LaunchScreen.storyboard */ = {
			isa = PBXVariantGroup;
			children = (
				B71C08141DA78C2600407D94 /* Base */,
			);
			name = LaunchScreen.storyboard;
			sourceTree = "<group>";
		};
/* End PBXVariantGroup section */

/* Begin XCBuildConfiguration section */
		B71C082D1DA78C2700407D94 /* Debug */ = {
			isa = XCBuildConfiguration;
			buildSettings = {
				ALWAYS_SEARCH_USER_PATHS = NO;
				CLANG_ANALYZER_NONNULL = YES;
				CLANG_CXX_LANGUAGE_STANDARD = "gnu++0x";
				CLANG_CXX_LIBRARY = "libc++";
				CLANG_ENABLE_MODULES = YES;
				CLANG_ENABLE_OBJC_ARC = YES;
				CLANG_WARN_BOOL_CONVERSION = YES;
				CLANG_WARN_CONSTANT_CONVERSION = YES;
				CLANG_WARN_DIRECT_OBJC_ISA_USAGE = YES_ERROR;
				CLANG_WARN_DOCUMENTATION_COMMENTS = YES;
				CLANG_WARN_EMPTY_BODY = YES;
				CLANG_WARN_ENUM_CONVERSION = YES;
				CLANG_WARN_INFINITE_RECURSION = YES;
				CLANG_WARN_INT_CONVERSION = YES;
				CLANG_WARN_OBJC_ROOT_CLASS = YES_ERROR;
				CLANG_WARN_SUSPICIOUS_MOVES = YES;
				CLANG_WARN_UNREACHABLE_CODE = YES;
				CLANG_WARN__DUPLICATE_METHOD_MATCH = YES;
				"CODE_SIGN_IDENTITY[sdk=iphoneos*]" = "iPhone Developer";
				COPY_PHASE_STRIP = NO;
				DEBUG_INFORMATION_FORMAT = dwarf;
				ENABLE_STRICT_OBJC_MSGSEND = YES;
				ENABLE_TESTABILITY = YES;
				GCC_C_LANGUAGE_STANDARD = gnu99;
				GCC_DYNAMIC_NO_PIC = NO;
				GCC_NO_COMMON_BLOCKS = YES;
				GCC_OPTIMIZATION_LEVEL = 0;
				GCC_PREPROCESSOR_DEFINITIONS = (
					"DEBUG=1",
					"$(inherited)",
				);
				GCC_WARN_64_TO_32_BIT_CONVERSION = YES;
				GCC_WARN_ABOUT_RETURN_TYPE = YES_ERROR;
				GCC_WARN_UNDECLARED_SELECTOR = YES;
				GCC_WARN_UNINITIALIZED_AUTOS = YES_AGGRESSIVE;
				GCC_WARN_UNUSED_FUNCTION = YES;
				GCC_WARN_UNUSED_VARIABLE = YES;
				IPHONEOS_DEPLOYMENT_TARGET = 10.0;
				MTL_ENABLE_DEBUG_INFO = YES;
				ONLY_ACTIVE_ARCH = YES;
				SDKROOT = iphoneos;
			};
			name = Debug;
		};
		B71C082E1DA78C2700407D94 /* Release */ = {
			isa = XCBuildConfiguration;
			buildSettings = {
				ALWAYS_SEARCH_USER_PATHS = NO;
				CLANG_ANALYZER_NONNULL = YES;
				CLANG_CXX_LANGUAGE_STANDARD = "gnu++0x";
				CLANG_CXX_LIBRARY = "libc++";
				CLANG_ENABLE_MODULES = YES;
				CLANG_ENABLE_OBJC_ARC = YES;
				CLANG_WARN_BOOL_CONVERSION = YES;
				CLANG_WARN_CONSTANT_CONVERSION = YES;
				CLANG_WARN_DIRECT_OBJC_ISA_USAGE = YES_ERROR;
				CLANG_WARN_DOCUMENTATION_COMMENTS = YES;
				CLANG_WARN_EMPTY_BODY = YES;
				CLANG_WARN_ENUM_CONVERSION = YES;
				CLANG_WARN_INFINITE_RECURSION = YES;
				CLANG_WARN_INT_CONVERSION = YES;
				CLANG_WARN_OBJC_ROOT_CLASS = YES_ERROR;
				CLANG_WARN_SUSPICIOUS_MOVES = YES;
				CLANG_WARN_UNREACHABLE_CODE = YES;
				CLANG_WARN__DUPLICATE_METHOD_MATCH = YES;
				"CODE_SIGN_IDENTITY[sdk=iphoneos*]" = "iPhone Developer";
				COPY_PHASE_STRIP = NO;
				DEBUG_INFORMATION_FORMAT = "dwarf-with-dsym";
				ENABLE_NS_ASSERTIONS = NO;
				ENABLE_STRICT_OBJC_MSGSEND = YES;
				GCC_C_LANGUAGE_STANDARD = gnu99;
				GCC_NO_COMMON_BLOCKS = YES;
				GCC_WARN_64_TO_32_BIT_CONVERSION = YES;
				GCC_WARN_ABOUT_RETURN_TYPE = YES_ERROR;
				GCC_WARN_UNDECLARED_SELECTOR = YES;
				GCC_WARN_UNINITIALIZED_AUTOS = YES_AGGRESSIVE;
				GCC_WARN_UNUSED_FUNCTION = YES;
				GCC_WARN_UNUSED_VARIABLE = YES;
				IPHONEOS_DEPLOYMENT_TARGET = 10.0;
				MTL_ENABLE_DEBUG_INFO = NO;
				SDKROOT = iphoneos;
				VALIDATE_PRODUCT = YES;
			};
			name = Release;
		};
		B71C08301DA78C2700407D94 /* Debug */ = {
			isa = XCBuildConfiguration;
			buildSettings = {
				ASSETCATALOG_COMPILER_APPICON_NAME = AppIcon;
				DEVELOPMENT_TEAM = 8987GZC353;
				INFOPLIST_FILE = Location_Weather/Info.plist;
				LD_RUNPATH_SEARCH_PATHS = "$(inherited) @executable_path/Frameworks";
				PRODUCT_BUNDLE_IDENTIFIER = "a1048167155-qq.com.Location-Weather";
				PRODUCT_NAME = "$(TARGET_NAME)";
			};
			name = Debug;
		};
		B71C08311DA78C2700407D94 /* Release */ = {
			isa = XCBuildConfiguration;
			buildSettings = {
				ASSETCATALOG_COMPILER_APPICON_NAME = AppIcon;
				DEVELOPMENT_TEAM = 8987GZC353;
				INFOPLIST_FILE = Location_Weather/Info.plist;
				LD_RUNPATH_SEARCH_PATHS = "$(inherited) @executable_path/Frameworks";
				PRODUCT_BUNDLE_IDENTIFIER = "a1048167155-qq.com.Location-Weather";
				PRODUCT_NAME = "$(TARGET_NAME)";
			};
			name = Release;
		};
		B71C08331DA78C2700407D94 /* Debug */ = {
			isa = XCBuildConfiguration;
			buildSettings = {
				BUNDLE_LOADER = "$(TEST_HOST)";
				DEVELOPMENT_TEAM = 8987GZC353;
				INFOPLIST_FILE = Location_WeatherTests/Info.plist;
				LD_RUNPATH_SEARCH_PATHS = "$(inherited) @executable_path/Frameworks @loader_path/Frameworks";
				PRODUCT_BUNDLE_IDENTIFIER = "a1048167155-qq.com.Location-WeatherTests";
				PRODUCT_NAME = "$(TARGET_NAME)";
				TEST_HOST = "$(BUILT_PRODUCTS_DIR)/Location_Weather.app/Location_Weather";
			};
			name = Debug;
		};
		B71C08341DA78C2700407D94 /* Release */ = {
			isa = XCBuildConfiguration;
			buildSettings = {
				BUNDLE_LOADER = "$(TEST_HOST)";
				DEVELOPMENT_TEAM = 8987GZC353;
				INFOPLIST_FILE = Location_WeatherTests/Info.plist;
				LD_RUNPATH_SEARCH_PATHS = "$(inherited) @executable_path/Frameworks @loader_path/Frameworks";
				PRODUCT_BUNDLE_IDENTIFIER = "a1048167155-qq.com.Location-WeatherTests";
				PRODUCT_NAME = "$(TARGET_NAME)";
				TEST_HOST = "$(BUILT_PRODUCTS_DIR)/Location_Weather.app/Location_Weather";
			};
			name = Release;
		};
		B71C08361DA78C2700407D94 /* Debug */ = {
			isa = XCBuildConfiguration;
			buildSettings = {
				DEVELOPMENT_TEAM = 8987GZC353;
				INFOPLIST_FILE = Location_WeatherUITests/Info.plist;
				LD_RUNPATH_SEARCH_PATHS = "$(inherited) @executable_path/Frameworks @loader_path/Frameworks";
				PRODUCT_BUNDLE_IDENTIFIER = "a1048167155-qq.com.Location-WeatherUITests";
				PRODUCT_NAME = "$(TARGET_NAME)";
				TEST_TARGET_NAME = Location_Weather;
			};
			name = Debug;
		};
		B71C08371DA78C2700407D94 /* Release */ = {
			isa = XCBuildConfiguration;
			buildSettings = {
				DEVELOPMENT_TEAM = 8987GZC353;
				INFOPLIST_FILE = Location_WeatherUITests/Info.plist;
				LD_RUNPATH_SEARCH_PATHS = "$(inherited) @executable_path/Frameworks @loader_path/Frameworks";
				PRODUCT_BUNDLE_IDENTIFIER = "a1048167155-qq.com.Location-WeatherUITests";
				PRODUCT_NAME = "$(TARGET_NAME)";
				TEST_TARGET_NAME = Location_Weather;
			};
			name = Release;
		};
/* End XCBuildConfiguration section */

/* Begin XCConfigurationList section */
		B71C07FD1DA78C2600407D94 /* Build configuration list for PBXProject "Location_Weather" */ = {
			isa = XCConfigurationList;
			buildConfigurations = (
				B71C082D1DA78C2700407D94 /* Debug */,
				B71C082E1DA78C2700407D94 /* Release */,
			);
			defaultConfigurationIsVisible = 0;
			defaultConfigurationName = Release;
		};
		B71C082F1DA78C2700407D94 /* Build configuration list for PBXNativeTarget "Location_Weather" */ = {
			isa = XCConfigurationList;
			buildConfigurations = (
				B71C08301DA78C2700407D94 /* Debug */,
				B71C08311DA78C2700407D94 /* Release */,
			);
			defaultConfigurationIsVisible = 0;
		};
		B71C08321DA78C2700407D94 /* Build configuration list for PBXNativeTarget "Location_WeatherTests" */ = {
			isa = XCConfigurationList;
			buildConfigurations = (
				B71C08331DA78C2700407D94 /* Debug */,
				B71C08341DA78C2700407D94 /* Release */,
			);
			defaultConfigurationIsVisible = 0;
		};
		B71C08351DA78C2700407D94 /* Build configuration list for PBXNativeTarget "Location_WeatherUITests" */ = {
			isa = XCConfigurationList;
			buildConfigurations = (
				B71C08361DA78C2700407D94 /* Debug */,
				B71C08371DA78C2700407D94 /* Release */,
			);
			defaultConfigurationIsVisible = 0;
		};
/* End XCConfigurationList section */
	};
	rootObject = B71C07FA1DA78C2600407D94 /* Project object */;
}
